lockfileVersion: '9.0'

settings:
  autoInstallPeers: true
  excludeLinksFromLockfile: false

importers:

  .:
    dependencies:
      sjcl:
        specifier: ^1.0.8
        version: 1.0.8
    devDependencies:
      '@types/sjcl':
        specifier: ^1.0.34
        version: 1.0.34

packages:

  '@types/sjcl@1.0.34':
    resolution: {integrity: sha512-bQHEeK5DTQRunIfQeUMgtpPsNNCcZyQ9MJuAfW1I7iN0LDunTc78Fu17STbLMd7KiEY/g2zHVApippa70h6HoQ==}

  sjcl@1.0.8:
    resolution: {integrity: sha512-LzIjEQ0S0DpIgnxMEayM1rq9aGwGRG4OnZhCdjx7glTaJtf4zRfpg87ImfjSJjoW9vKpagd82McDOwbRT5kQKQ==}

snapshots:

  '@types/sjcl@1.0.34': {}

  sjcl@1.0.8: {}
